
Microsoft Visual Studio Solution File, Format Version 12.00
Project("{2150E333-8FDC-42A3-9474-1A3956D46DE8}") = "Presentation", "Presentation", "{5354CDA5-5363-4C75-A0AE-B282528C0061}"
EndProject
Project("{FAE04EC0-301F-11D3-BF4B-00C04F79EFBC}") = "NightTasker.UserHub.Presentation.WebApi", "Presentation\NightTasker.UserHub.Presentation.WebApi\NightTasker.UserHub.Presentation.WebApi.csproj", "{1101D6CB-8464-4B6C-B7DE-452229BA1EA9}"
EndProject
Project("{2150E333-8FDC-42A3-9474-1A3956D46DE8}") = "Core", "Core", "{9D9C9C9C-C8B6-45DE-ADB8-0ABCE918A7A1}"
EndProject
Project("{FAE04EC0-301F-11D3-BF4B-00C04F79EFBC}") = "NightTasker.UserHub.Core.Domain", "Core\NightTasker.UserHub.Core.Domain\NightTasker.UserHub.Core.Domain.csproj", "{0A5F81E3-8EED-4C3B-A2A8-DE1CBF1B5789}"
EndProject
Project("{FAE04EC0-301F-11D3-BF4B-00C04F79EFBC}") = "NightTasker.UserHub.Core.Application", "Core\NightTasker.UserHub.Core.Application\NightTasker.UserHub.Core.Application.csproj", "{E0E8AD2B-6FE0-412E-99ED-D33D3EBEE65A}"
EndProject
Project("{2150E333-8FDC-42A3-9474-1A3956D46DE8}") = "Infrastructure", "Infrastructure", "{CEAAA14C-17AE-4E39-8B1B-F1EAB6325C23}"
EndProject
Project("{FAE04EC0-301F-11D3-BF4B-00C04F79EFBC}") = "NightTasker.UserHub.Infrastructure.Persistence", "Infrastructure\NightTasker.UserHub.Infrastructure.Persistence\NightTasker.UserHub.Infrastructure.Persistence.csproj", "{365C61FA-6EB9-4022-A1EE-F65A78EE8817}"
EndProject
Project("{FAE04EC0-301F-11D3-BF4B-00C04F79EFBC}") = "NightTasker.UserHub.Infrastructure.Messaging", "Infrastructure\NightTasker.UserHub.Infrastructure.Messaging\NightTasker.UserHub.Infrastructure.Messaging.csproj", "{C9595775-50F3-447B-820D-B9CA8E20E78B}"
EndProject
Project("{FAE04EC0-301F-11D3-BF4B-00C04F79EFBC}") = "NightTasker.UserHub.Infrastructure.Grpc", "Infrastructure\NightTasker.UserHub.Infrastructure.Grpc\NightTasker.UserHub.Infrastructure.Grpc.csproj", "{3F8D1BB3-EEFF-4EF1-8FE2-BC757501BCD0}"
EndProject
Project("{2150E333-8FDC-42A3-9474-1A3956D46DE8}") = "Tests", "Tests", "{BD44D663-882F-4D4E-A6A6-AE843F61A296}"
EndProject
Project("{2150E333-8FDC-42A3-9474-1A3956D46DE8}") = "UnitTests", "UnitTests", "{E4E7681D-0544-4E94-9B36-BB8B169442B2}"
EndProject
Project("{FAE04EC0-301F-11D3-BF4B-00C04F79EFBC}") = "NightTasker.UserHub.Core.Application.UnitTests", "Tests\UnitTests\NightTasker.UserHub.Core.Application.UnitTests\NightTasker.UserHub.Core.Application.UnitTests.csproj", "{DA320342-F679-414D-8F22-6FBCE070616A}"
EndProject
Project("{2150E333-8FDC-42A3-9474-1A3956D46DE8}") = "IntegrationTests", "IntegrationTests", "{A646AC16-6EE5-430B-B625-F72F057978A3}"
EndProject
Project("{FAE04EC0-301F-11D3-BF4B-00C04F79EFBC}") = "NightTasker.UserHub.Core.Application.IntegrationTests", "Tests\IntegrationTests\NightTasker.UserHub.Core.Application.IntegrationTests\NightTasker.UserHub.Core.Application.IntegrationTests.csproj", "{BF300037-8C88-4143-B481-956625C087BD}"
EndProject
Project("{FAE04EC0-301F-11D3-BF4B-00C04F79EFBC}") = "NightTasker.UserHub.IntegrationTests.Framework", "Tests\IntegrationTests\NightTasker.UserHub.IntegrationTests.Framework\NightTasker.UserHub.IntegrationTests.Framework.csproj", "{9111D817-0A05-4D30-BA3F-7244810C4B1F}"
EndProject
Global
	GlobalSection(SolutionConfigurationPlatforms) = preSolution
		Debug|Any CPU = Debug|Any CPU
		Release|Any CPU = Release|Any CPU
	EndGlobalSection
	GlobalSection(ProjectConfigurationPlatforms) = postSolution
		{1101D6CB-8464-4B6C-B7DE-452229BA1EA9}.Debug|Any CPU.ActiveCfg = Debug|Any CPU
		{1101D6CB-8464-4B6C-B7DE-452229BA1EA9}.Debug|Any CPU.Build.0 = Debug|Any CPU
		{1101D6CB-8464-4B6C-B7DE-452229BA1EA9}.Release|Any CPU.ActiveCfg = Release|Any CPU
		{1101D6CB-8464-4B6C-B7DE-452229BA1EA9}.Release|Any CPU.Build.0 = Release|Any CPU
		{0A5F81E3-8EED-4C3B-A2A8-DE1CBF1B5789}.Debug|Any CPU.ActiveCfg = Debug|Any CPU
		{0A5F81E3-8EED-4C3B-A2A8-DE1CBF1B5789}.Debug|Any CPU.Build.0 = Debug|Any CPU
		{0A5F81E3-8EED-4C3B-A2A8-DE1CBF1B5789}.Release|Any CPU.ActiveCfg = Release|Any CPU
		{0A5F81E3-8EED-4C3B-A2A8-DE1CBF1B5789}.Release|Any CPU.Build.0 = Release|Any CPU
		{E0E8AD2B-6FE0-412E-99ED-D33D3EBEE65A}.Debug|Any CPU.ActiveCfg = Debug|Any CPU
		{E0E8AD2B-6FE0-412E-99ED-D33D3EBEE65A}.Debug|Any CPU.Build.0 = Debug|Any CPU
		{E0E8AD2B-6FE0-412E-99ED-D33D3EBEE65A}.Release|Any CPU.ActiveCfg = Release|Any CPU
		{E0E8AD2B-6FE0-412E-99ED-D33D3EBEE65A}.Release|Any CPU.Build.0 = Release|Any CPU
		{365C61FA-6EB9-4022-A1EE-F65A78EE8817}.Debug|Any CPU.ActiveCfg = Debug|Any CPU
		{365C61FA-6EB9-4022-A1EE-F65A78EE8817}.Debug|Any CPU.Build.0 = Debug|Any CPU
		{365C61FA-6EB9-4022-A1EE-F65A78EE8817}.Release|Any CPU.ActiveCfg = Release|Any CPU
		{365C61FA-6EB9-4022-A1EE-F65A78EE8817}.Release|Any CPU.Build.0 = Release|Any CPU
		{C9595775-50F3-447B-820D-B9CA8E20E78B}.Debug|Any CPU.ActiveCfg = Debug|Any CPU
		{C9595775-50F3-447B-820D-B9CA8E20E78B}.Debug|Any CPU.Build.0 = Debug|Any CPU
		{C9595775-50F3-447B-820D-B9CA8E20E78B}.Release|Any CPU.ActiveCfg = Release|Any CPU
		{C9595775-50F3-447B-820D-B9CA8E20E78B}.Release|Any CPU.Build.0 = Release|Any CPU
		{3F8D1BB3-EEFF-4EF1-8FE2-BC757501BCD0}.Debug|Any CPU.ActiveCfg = Debug|Any CPU
		{3F8D1BB3-EEFF-4EF1-8FE2-BC757501BCD0}.Debug|Any CPU.Build.0 = Debug|Any CPU
		{3F8D1BB3-EEFF-4EF1-8FE2-BC757501BCD0}.Release|Any CPU.ActiveCfg = Release|Any CPU
		{3F8D1BB3-EEFF-4EF1-8FE2-BC757501BCD0}.Release|Any CPU.Build.0 = Release|Any CPU
		{DA320342-F679-414D-8F22-6FBCE070616A}.Debug|Any CPU.ActiveCfg = Debug|Any CPU
		{DA320342-F679-414D-8F22-6FBCE070616A}.Debug|Any CPU.Build.0 = Debug|Any CPU
		{DA320342-F679-414D-8F22-6FBCE070616A}.Release|Any CPU.ActiveCfg = Release|Any CPU
		{DA320342-F679-414D-8F22-6FBCE070616A}.Release|Any CPU.Build.0 = Release|Any CPU
		{BF300037-8C88-4143-B481-956625C087BD}.Debug|Any CPU.ActiveCfg = Debug|Any CPU
		{BF300037-8C88-4143-B481-956625C087BD}.Debug|Any CPU.Build.0 = Debug|Any CPU
		{BF300037-8C88-4143-B481-956625C087BD}.Release|Any CPU.ActiveCfg = Release|Any CPU
		{BF300037-8C88-4143-B481-956625C087BD}.Release|Any CPU.Build.0 = Release|Any CPU
		{9111D817-0A05-4D30-BA3F-7244810C4B1F}.Debug|Any CPU.ActiveCfg = Debug|Any CPU
		{9111D817-0A05-4D30-BA3F-7244810C4B1F}.Debug|Any CPU.Build.0 = Debug|Any CPU
		{9111D817-0A05-4D30-BA3F-7244810C4B1F}.Release|Any CPU.ActiveCfg = Release|Any CPU
		{9111D817-0A05-4D30-BA3F-7244810C4B1F}.Release|Any CPU.Build.0 = Release|Any CPU
	EndGlobalSection
	GlobalSection(NestedProjects) = preSolution
		{1101D6CB-8464-4B6C-B7DE-452229BA1EA9} = {5354CDA5-5363-4C75-A0AE-B282528C0061}
		{0A5F81E3-8EED-4C3B-A2A8-DE1CBF1B5789} = {9D9C9C9C-C8B6-45DE-ADB8-0ABCE918A7A1}
		{E0E8AD2B-6FE0-412E-99ED-D33D3EBEE65A} = {9D9C9C9C-C8B6-45DE-ADB8-0ABCE918A7A1}
		{365C61FA-6EB9-4022-A1EE-F65A78EE8817} = {CEAAA14C-17AE-4E39-8B1B-F1EAB6325C23}
		{C9595775-50F3-447B-820D-B9CA8E20E78B} = {CEAAA14C-17AE-4E39-8B1B-F1EAB6325C23}
		{3F8D1BB3-EEFF-4EF1-8FE2-BC757501BCD0} = {CEAAA14C-17AE-4E39-8B1B-F1EAB6325C23}
		{E4E7681D-0544-4E94-9B36-BB8B169442B2} = {BD44D663-882F-4D4E-A6A6-AE843F61A296}
		{DA320342-F679-414D-8F22-6FBCE070616A} = {E4E7681D-0544-4E94-9B36-BB8B169442B2}
		{A646AC16-6EE5-430B-B625-F72F057978A3} = {BD44D663-882F-4D4E-A6A6-AE843F61A296}
		{BF300037-8C88-4143-B481-956625C087BD} = {A646AC16-6EE5-430B-B625-F72F057978A3}
		{9111D817-0A05-4D30-BA3F-7244810C4B1F} = {A646AC16-6EE5-430B-B625-F72F057978A3}
	EndGlobalSection
EndGlobal
